{
  "version": 4,
  "terraform_version": "1.0.1",
  "serial": 15,
  "lineage": "21768b18-e7d2-6a6f-6719-ac9dcaa7ba1e",
  "outputs": {
    "tls_private_key": {
      "value": "-----BEGIN RSA PRIVATE KEY-----\nMIIJKAIBAAKCAgEAtHJhCIiBEI0XE6bfrFN6/GdaDNjjwTyBfBhLWD2aVJB//i5V\nKA2dEYJMUCl3uMvQd2ZKsVeNNRpqkKGGopjT0T4s+XPC8qmcLEqsXuUONF7deZS1\n0cU0jh2n6yDjNVFpklCQHPy+Gkpdm7HbaxcGrq5RDRApRIqxh+Gclmw5bCzsSU6n\nAou3mEs2tQET8Yh2EnULJbB551Ij3BBDw6JoPg5Lz0r+bQYNOGrOCAaV68Ojf8IK\njpRAP5c5mLazVo6q2PANVyK6czWDK/W4vIu7g3Wx9n6zLWKDXDy2L+iyOGfPDbL+\nmc948AVUdcL9zRAKnDTTLJzYcXDikc94TqbOm3ARA60rGB8KkEInJV4znbHG2CgM\n2D+UiIJzuIeptS+Mf7/obVA5hyRKGGiCPXSlh4omXH9JmFB3eHPWcIUIycr2VkyE\nkdMDR41Yb8T1QnojSe1LoJUBP1NNcmlZbHK90uQxeb2FQtyRfgmJl4lNismS747k\nekh1XbVTZz7oEhzAuE6df0Ts5d0eba1GcWjDbxs3t4efjs4ZtNqoLVmYCShihA3u\nOsNsnDfrzgWSZbGnzmoPaY+PgvY2R+H/dABSUAP7GLmdalm9vwAcMPqD8ncWS9RS\nGuuuuT0FRt7Pu75Ttfu+fXi06iCOa5HxGKGOiHbrrDn2kT2TbUzAcguIaUECAwEA\nAQKCAgBRVCQL1oplTVITV2kEoHOUA3kAxViRpZWuurxqvwkqCB7ID1XuQYSDebiv\ngKEnNyV0SzRrDczlHEzfdw3ZhwwhCOb4X4aEHJH5HIboFlD6pa8oty/jpgBz9UXT\nofUF+PWeLpVlmzyLWO0r2VPNxokKfiKlwpz2+ZPebH9JBOo0qWKt/7ciXJqZF31G\nw3+boyekVgB6MjofWlQzQVlpeW+GWKcufNyDgvC+dtT5pQ45PuoYEPr1HDiA8MXS\n4LWf05mJQVih51Mlzf6a95sVz9zp+UgGk0BqujX+gpaSrUx2Q8N8pyo9ZNdbRuu0\nT/hYTlyZ3u029FJRftF/aoUM3f3MKyV8ehh9ELp218p7WcZ+srhOH0aAJn/eZY+k\nr7fP0Vsqq4ecdnScEwj2Dw76oHeFdGlSPFn2Qbs/wK3rBjgRH4NhWHiYDoGE/RO2\n3ORCls3gdByPnx6T90nOKx/9XPfuqIeTtDK6ndDudfNip+OWPDfLRLjmLQBnihSB\nRtJd1LbFRKLjnuKt+v/lf3wN+sd3O1r2040EBRsHOWVr4XKe8geC4vibWU7zT7dy\nQ+3KUpT9JnEpmjyO43Ncn8/U6t0B2gNFtoiFtChd7a6uLN23gdjIlD8zeOobVXVh\n8Pi66DJ7OdoVAAyg3XlMl2gR7nMpb2nk6W/VlUmVL9WcM8t2AQKCAQEAzmUJbGSO\niw6q8/eXk1wsveftyF59GoXtqk++s5MV9i7Drz4rwqXff7ccC63Y2xdXnZZ4887a\nHDxAZTD8WFl1JH+VKdaePIpRPOJ0to7pFhVDRPtjq4JtYQ2YElK12YXKotbf5zol\nsq7TAiOkA1acV2JAdf7wcYQCvhLnrx5iFPQT1fMY784VCQ6gElYtD1K1Uq/euSOX\nW/0JsSDyCw8Ewbzw3kWsiUo3TAaJAqFeB7gOrqjJboazC0oT8Wr2D+GVa0vdIbef\nBAebebxSYkF6lg+98YXFaFZHHQeiiuGIexVXn+z35AINcltffN2TB2nxgpopbjTv\nWAXs89nBOJbXcQKCAQEA39DVAbmP0y+1pzMdXUb2Jp1nj4ikoWztM4FvwSffeDoC\nhSlqWxMfIGEON0+NCz7IWzr7tfHw33CKpwdkKDh/Rvf8gR0OKwIBipMIRssqehTu\nY/m+3WmB+F7Dbyc6FTrGMWM7JUL1xuWqFdI2MdM9ju3VLLmOKBOMwtWxtrACyf/3\nqRO3a8pFsb4E1eBtwIugm5mqDaqmUsxk0ZtK/HTNhGMlBuTojaCy5kpOq/YFE+/+\ncy+2Vq43jiI7KF96vmqNS3z8K99g+EzRrNmNejiwWw05V0ya6nMM/LXwH+gQsQFb\n+yeplOR/X28f+aYVT361RA8NEmbUhLeVTwOaVIPm0QKCAQEAveoakbK1tx74DyV0\nRBQ810Hiesz3MMCrwFtAjtx5CN5fEZGTkrguv8Yt+FEvieogpNEg2rcr229VkcdR\na7plIACFsMnbMLnVpsB5xMIbmEZYb9EiFV8eZn+rvrB8xHtnyg8OWCYZKiHT59QD\nx06a7Y1q4yiC9vER1PRwW6MJfV5aIjRebcqjcIIUqMrDC6Z/Umah+pnVXL+pe2Nl\nVOes6NiCiwRxjqLL3xjkWZdCfrfOSsjlEN7BQVIYp7xUTqi0ZNaZ07yyhXK6jXnM\nFL1Ln2k8zlDZJPi+1ud/mWuNujQZPP8/2n5JAUEyzCLWd6v0nshb9xyeX9CUCI4G\nTZv/AQKCAQA7+5/aonylQLgSY2SPRyFZH/5NPXXBvYukrh/hSGpfskxSm9LhLbK9\n3sUMlclbJixUJu6myHyhpWvDb/uru9iAkJ2fjMXrSNJY7SbesjxkE5AAQ0Kf3FL0\n2ZDPDVhHsETFn66OQe/UqmB3EKttlwt8bske/2vV2cdzwAmsyGc2897P9XTG8qLT\nC/YHy+oeHE2i5f/pQb7pmdW7Rz9FgZhCzr9xpY+dxV+s0GVdOMYLndo3zKW1fWNu\nOEZaf5xJxAyyGoEK0QcQBKZ9CKEeDGtXO6gOeX1bMBJe9/Ou2Wb/yTl5ihusx8BL\nN2D+a0By2aaC4vXB5MU3/GuLjY+i7ubBAoIBAD2XPjWAwlqTuMDxwDClOjXGOycB\n/fU4PIPfnc27enrAsZ1LM4WluC0EnoDKyuJDaLWQSA4nJFz8eSY4qyANvqU8pBwz\n1sEr7ykZwCQBQNkD3U3XdJkAz3QlUYO4d67qMSOdNo5Olt/2+BUqvQksUF+heLcB\n40Ry7OrcyuMa8RoqPaVR10CMlKWSRb3rEe35fjF/GjNTor+9y9T1EPswr9MK7fRR\nS2SxTEXp8eWov7DdGDrFvPOlSNyRmuUOBibS6FdIFOlNzADRGZzpdHXqnEQMtx/g\nsG3PWwaMm/Tl1uZLPj9pIsUVYWCw/xdYib/xbYtk47FE6IByfh191s+qa78=\n-----END RSA PRIVATE KEY-----\n",
      "type": "string",
      "sensitive": true
    },
    "vm_id": {
      "value": "/subscriptions/22bc9068-7ea1-468b-92bf-0c8dc8ac2373/resourceGroups/RG-Olimpiadas/providers/Microsoft.Compute/virtualMachines/VNET-02",
      "type": "string"
    },
    "vm_ip": {
      "value": "20.80.178.98",
      "type": "string"
    }
  },
  "resources": [
    {
      "mode": "managed",
      "type": "azurerm_linux_virtual_machine",
      "name": "linuxvm",
      "provider": "provider[\"registry.terraform.io/hashicorp/azurerm\"]",
      "instances": [
        {
          "schema_version": 0,
          "attributes": {
            "additional_capabilities": [],
            "admin_password": null,
            "admin_ssh_key": [
              {
                "public_key": "ssh-rsa AAAAB3NzaC1yc2EAAAADAQABAAACAQC0cmEIiIEQjRcTpt+sU3r8Z1oM2OPBPIF8GEtYPZpUkH/+LlUoDZ0RgkxQKXe4y9B3ZkqxV401GmqQoYaimNPRPiz5c8LyqZwsSqxe5Q40Xt15lLXRxTSOHafrIOM1UWmSUJAc/L4aSl2bsdtrFwaurlENEClEirGH4ZyWbDlsLOxJTqcCi7eYSza1ARPxiHYSdQslsHnnUiPcEEPDomg+DkvPSv5tBg04as4IBpXrw6N/wgqOlEA/lzmYtrNWjqrY8A1XIrpzNYMr9bi8i7uDdbH2frMtYoNcPLYv6LI4Z88Nsv6Zz3jwBVR1wv3NEAqcNNMsnNhxcOKRz3hOps6bcBEDrSsYHwqQQiclXjOdscbYKAzYP5SIgnO4h6m1L4x/v+htUDmHJEoYaII9dKWHiiZcf0mYUHd4c9ZwhQjJyvZWTISR0wNHjVhvxPVCeiNJ7UuglQE/U01yaVlscr3S5DF5vYVC3JF+CYmXiU2KyZLvjuR6SHVdtVNnPugSHMC4Tp1/ROzl3R5trUZxaMNvGze3h5+Ozhm02qgtWZgJKGKEDe46w2ycN+vOBZJlsafOag9pj4+C9jZH4f90AFJQA/sYuZ1qWb2/ABww+oPydxZL1FIa6665PQVG3s+7vlO1+759eLTqII5rkfEYoY6IduusOfaRPZNtTMByC4hpQQ==\n",
                "username": "azureuser"
              }
            ],
            "admin_username": "azureuser",
            "allow_extension_operations": true,
            "availability_set_id": "",
            "boot_diagnostics": [
              {
                "storage_account_uri": "https://diagfe324037838fddb7.blob.core.windows.net/"
              }
            ],
            "computer_name": "myvm",
            "custom_data": null,
            "dedicated_host_id": "",
            "disable_password_authentication": true,
            "encryption_at_host_enabled": false,
            "eviction_policy": "",
            "extensions_time_budget": "PT1H30M",
            "id": "/subscriptions/22bc9068-7ea1-468b-92bf-0c8dc8ac2373/resourceGroups/RG-Olimpiadas/providers/Microsoft.Compute/virtualMachines/VNET-02",
            "identity": [],
            "location": "westus2",
            "max_bid_price": -1,
            "name": "VNET-02",
            "network_interface_ids": [
              "/subscriptions/22bc9068-7ea1-468b-92bf-0c8dc8ac2373/resourceGroups/RG-Olimpiadas/providers/Microsoft.Network/networkInterfaces/nic-vm-srv02"
            ],
            "os_disk": [
              {
                "caching": "ReadWrite",
                "diff_disk_settings": [],
                "disk_encryption_set_id": "",
                "disk_size_gb": 30,
                "name": "myOsDisk",
                "storage_account_type": "Premium_LRS",
                "write_accelerator_enabled": false
              }
            ],
            "plan": [],
            "priority": "Regular",
            "private_ip_address": "172.16.1.4",
            "private_ip_addresses": [
              "172.16.1.4"
            ],
            "provision_vm_agent": true,
            "proximity_placement_group_id": "",
            "public_ip_address": "20.80.178.98",
            "public_ip_addresses": [
              "20.80.178.98"
            ],
            "resource_group_name": "RG-Olimpiadas",
            "secret": [],
            "size": "Standard_DS1_v2",
            "source_image_id": "",
            "source_image_reference": [
              {
                "offer": "UbuntuServer",
                "publisher": "Canonical",
                "sku": "18.04-LTS",
                "version": "latest"
              }
            ],
            "tags": {
              "environment": "production"
            },
            "timeouts": null,
            "virtual_machine_id": "948993f4-4c1a-4aba-af44-608b633b9d34",
            "virtual_machine_scale_set_id": "",
            "zone": ""
          },
          "sensitive_attributes": [],
          "private": "eyJlMmJmYjczMC1lY2FhLTExZTYtOGY4OC0zNDM2M2JjN2M0YzAiOnsiY3JlYXRlIjoyNzAwMDAwMDAwMDAwLCJkZWxldGUiOjI3MDAwMDAwMDAwMDAsInJlYWQiOjMwMDAwMDAwMDAwMCwidXBkYXRlIjoyNzAwMDAwMDAwMDAwfX0=",
          "dependencies": [
            "azurerm_network_interface.nic",
            "azurerm_public_ip.public_ip",
            "azurerm_resource_group.rg",
            "azurerm_storage_account.storage",
            "azurerm_subnet.subnet",
            "azurerm_virtual_network.vnet",
            "random_id.randomId",
            "tls_private_key.example_ssh"
          ]
        }
      ]
    },
    {
      "mode": "managed",
      "type": "azurerm_network_interface",
      "name": "nic",
      "provider": "provider[\"registry.terraform.io/hashicorp/azurerm\"]",
      "instances": [
        {
          "schema_version": 0,
          "attributes": {
            "applied_dns_servers": [],
            "dns_servers": [],
            "enable_accelerated_networking": false,
            "enable_ip_forwarding": false,
            "id": "/subscriptions/22bc9068-7ea1-468b-92bf-0c8dc8ac2373/resourceGroups/RG-Olimpiadas/providers/Microsoft.Network/networkInterfaces/nic-vm-srv02",
            "internal_dns_name_label": "",
            "internal_domain_name_suffix": "hvcwksrebn3e1o0zorh0hi0meh.xx.internal.cloudapp.net",
            "ip_configuration": [
              {
                "name": "myNicConfiguration",
                "primary": true,
                "private_ip_address": "172.16.1.4",
                "private_ip_address_allocation": "Dynamic",
                "private_ip_address_version": "IPv4",
                "public_ip_address_id": "/subscriptions/22bc9068-7ea1-468b-92bf-0c8dc8ac2373/resourceGroups/RG-Olimpiadas/providers/Microsoft.Network/publicIPAddresses/PIP-VM-SRV02",
                "subnet_id": "/subscriptions/22bc9068-7ea1-468b-92bf-0c8dc8ac2373/resourceGroups/RG-Olimpiadas/providers/Microsoft.Network/virtualNetworks/VNET-02/subnets/SUB-LAN02"
              }
            ],
            "location": "westus2",
            "mac_address": "",
            "name": "nic-vm-srv02",
            "private_ip_address": "172.16.1.4",
            "private_ip_addresses": [
              "172.16.1.4"
            ],
            "resource_group_name": "RG-Olimpiadas",
            "tags": {
              "environment": "production"
            },
            "timeouts": null,
            "virtual_machine_id": ""
          },
          "sensitive_attributes": [],
          "private": "eyJlMmJmYjczMC1lY2FhLTExZTYtOGY4OC0zNDM2M2JjN2M0YzAiOnsiY3JlYXRlIjoxODAwMDAwMDAwMDAwLCJkZWxldGUiOjE4MDAwMDAwMDAwMDAsInJlYWQiOjMwMDAwMDAwMDAwMCwidXBkYXRlIjoxODAwMDAwMDAwMDAwfX0=",
          "dependencies": [
            "azurerm_public_ip.public_ip",
            "azurerm_resource_group.rg",
            "azurerm_subnet.subnet",
            "azurerm_virtual_network.vnet"
          ]
        }
      ]
    },
    {
      "mode": "managed",
      "type": "azurerm_network_interface_security_group_association",
      "name": "association",
      "provider": "provider[\"registry.terraform.io/hashicorp/azurerm\"]",
      "instances": [
        {
          "schema_version": 0,
          "attributes": {
            "id": "/subscriptions/22bc9068-7ea1-468b-92bf-0c8dc8ac2373/resourceGroups/RG-Olimpiadas/providers/Microsoft.Network/networkInterfaces/nic-vm-srv02|/subscriptions/22bc9068-7ea1-468b-92bf-0c8dc8ac2373/resourceGroups/RG-Olimpiadas/providers/Microsoft.Network/networkSecurityGroups/NSG-LNX",
            "network_interface_id": "/subscriptions/22bc9068-7ea1-468b-92bf-0c8dc8ac2373/resourceGroups/RG-Olimpiadas/providers/Microsoft.Network/networkInterfaces/nic-vm-srv02",
            "network_security_group_id": "/subscriptions/22bc9068-7ea1-468b-92bf-0c8dc8ac2373/resourceGroups/RG-Olimpiadas/providers/Microsoft.Network/networkSecurityGroups/NSG-LNX",
            "timeouts": null
          },
          "sensitive_attributes": [],
          "private": "eyJlMmJmYjczMC1lY2FhLTExZTYtOGY4OC0zNDM2M2JjN2M0YzAiOnsiY3JlYXRlIjoxODAwMDAwMDAwMDAwLCJkZWxldGUiOjE4MDAwMDAwMDAwMDAsInJlYWQiOjMwMDAwMDAwMDAwMCwidXBkYXRlIjoxODAwMDAwMDAwMDAwfX0=",
          "dependencies": [
            "azurerm_network_interface.nic",
            "azurerm_network_security_group.nsg",
            "azurerm_public_ip.public_ip",
            "azurerm_resource_group.rg",
            "azurerm_subnet.subnet",
            "azurerm_virtual_network.vnet"
          ]
        }
      ]
    },
    {
      "mode": "managed",
      "type": "azurerm_network_security_group",
      "name": "nsg",
      "provider": "provider[\"registry.terraform.io/hashicorp/azurerm\"]",
      "instances": [
        {
          "schema_version": 0,
          "attributes": {
            "id": "/subscriptions/22bc9068-7ea1-468b-92bf-0c8dc8ac2373/resourceGroups/RG-Olimpiadas/providers/Microsoft.Network/networkSecurityGroups/NSG-LNX",
            "location": "westus2",
            "name": "NSG-LNX",
            "resource_group_name": "RG-Olimpiadas",
            "security_rule": [
              {
                "access": "Allow",
                "description": "",
                "destination_address_prefix": "*",
                "destination_address_prefixes": [],
                "destination_application_security_group_ids": [],
                "destination_port_range": "22",
                "destination_port_ranges": [],
                "direction": "Inbound",
                "name": "SSH",
                "priority": 1001,
                "protocol": "Tcp",
                "source_address_prefix": "*",
                "source_address_prefixes": [],
                "source_application_security_group_ids": [],
                "source_port_range": "*",
                "source_port_ranges": []
              }
            ],
            "tags": {
              "environment": "production"
            },
            "timeouts": null
          },
          "sensitive_attributes": [],
          "private": "eyJlMmJmYjczMC1lY2FhLTExZTYtOGY4OC0zNDM2M2JjN2M0YzAiOnsiY3JlYXRlIjoxODAwMDAwMDAwMDAwLCJkZWxldGUiOjE4MDAwMDAwMDAwMDAsInJlYWQiOjMwMDAwMDAwMDAwMCwidXBkYXRlIjoxODAwMDAwMDAwMDAwfX0=",
          "dependencies": [
            "azurerm_resource_group.rg"
          ]
        }
      ]
    },
    {
      "mode": "managed",
      "type": "azurerm_public_ip",
      "name": "public_ip",
      "provider": "provider[\"registry.terraform.io/hashicorp/azurerm\"]",
      "instances": [
        {
          "schema_version": 0,
          "attributes": {
            "allocation_method": "Dynamic",
            "domain_name_label": null,
            "fqdn": null,
            "id": "/subscriptions/22bc9068-7ea1-468b-92bf-0c8dc8ac2373/resourceGroups/RG-Olimpiadas/providers/Microsoft.Network/publicIPAddresses/PIP-VM-SRV02",
            "idle_timeout_in_minutes": 4,
            "ip_address": "",
            "ip_version": "IPv4",
            "location": "westus2",
            "name": "PIP-VM-SRV02",
            "public_ip_prefix_id": null,
            "resource_group_name": "RG-Olimpiadas",
            "reverse_fqdn": null,
            "sku": "Basic",
            "tags": {
              "environment": "production"
            },
            "timeouts": null,
            "zones": null
          },
          "sensitive_attributes": [],
          "private": "eyJlMmJmYjczMC1lY2FhLTExZTYtOGY4OC0zNDM2M2JjN2M0YzAiOnsiY3JlYXRlIjoxODAwMDAwMDAwMDAwLCJkZWxldGUiOjE4MDAwMDAwMDAwMDAsInJlYWQiOjMwMDAwMDAwMDAwMCwidXBkYXRlIjoxODAwMDAwMDAwMDAwfX0=",
          "dependencies": [
            "azurerm_resource_group.rg"
          ]
        }
      ]
    },
    {
      "mode": "managed",
      "type": "azurerm_resource_group",
      "name": "rg",
      "provider": "provider[\"registry.terraform.io/hashicorp/azurerm\"]",
      "instances": [
        {
          "schema_version": 0,
          "attributes": {
            "id": "/subscriptions/22bc9068-7ea1-468b-92bf-0c8dc8ac2373/resourceGroups/RG-Olimpiadas",
            "location": "westus2",
            "name": "RG-Olimpiadas",
            "tags": {
              "environment": "production"
            },
            "timeouts": null
          },
          "sensitive_attributes": [],
          "private": "eyJlMmJmYjczMC1lY2FhLTExZTYtOGY4OC0zNDM2M2JjN2M0YzAiOnsiY3JlYXRlIjo1NDAwMDAwMDAwMDAwLCJkZWxldGUiOjU0MDAwMDAwMDAwMDAsInJlYWQiOjMwMDAwMDAwMDAwMCwidXBkYXRlIjo1NDAwMDAwMDAwMDAwfX0="
        }
      ]
    },
    {
      "mode": "managed",
      "type": "azurerm_storage_account",
      "name": "storage",
      "provider": "provider[\"registry.terraform.io/hashicorp/azurerm\"]",
      "instances": [
        {
          "schema_version": 2,
          "attributes": {
            "access_tier": "Hot",
            "account_kind": "StorageV2",
            "account_replication_type": "LRS",
            "account_tier": "Standard",
            "allow_blob_public_access": false,
            "blob_properties": [],
            "custom_domain": [],
            "enable_https_traffic_only": true,
            "id": "/subscriptions/22bc9068-7ea1-468b-92bf-0c8dc8ac2373/resourceGroups/RG-Olimpiadas/providers/Microsoft.Storage/storageAccounts/diagfe324037838fddb7",
            "identity": [],
            "is_hns_enabled": false,
            "large_file_share_enabled": null,
            "location": "westus2",
            "min_tls_version": "TLS1_0",
            "name": "diagfe324037838fddb7",
            "network_rules": [
              {
                "bypass": [
                  "AzureServices"
                ],
                "default_action": "Allow",
                "ip_rules": [],
                "virtual_network_subnet_ids": []
              }
            ],
            "primary_access_key": "3vEZ5ynHaBAPADiXF0d6juZRIA2zDi9qEhUL7LHK2y4DqrZqa8Qz5W1rtbiJzCyAvMYjK/Cthi8N7c6SyMDOXA==",
            "primary_blob_connection_string": "DefaultEndpointsProtocol=https;BlobEndpoint=https://diagfe324037838fddb7.blob.core.windows.net/;AccountName=diagfe324037838fddb7;AccountKey=3vEZ5ynHaBAPADiXF0d6juZRIA2zDi9qEhUL7LHK2y4DqrZqa8Qz5W1rtbiJzCyAvMYjK/Cthi8N7c6SyMDOXA==",
            "primary_blob_endpoint": "https://diagfe324037838fddb7.blob.core.windows.net/",
            "primary_blob_host": "diagfe324037838fddb7.blob.core.windows.net",
            "primary_connection_string": "DefaultEndpointsProtocol=https;AccountName=diagfe324037838fddb7;AccountKey=3vEZ5ynHaBAPADiXF0d6juZRIA2zDi9qEhUL7LHK2y4DqrZqa8Qz5W1rtbiJzCyAvMYjK/Cthi8N7c6SyMDOXA==;EndpointSuffix=core.windows.net",
            "primary_dfs_endpoint": "https://diagfe324037838fddb7.dfs.core.windows.net/",
            "primary_dfs_host": "diagfe324037838fddb7.dfs.core.windows.net",
            "primary_file_endpoint": "https://diagfe324037838fddb7.file.core.windows.net/",
            "primary_file_host": "diagfe324037838fddb7.file.core.windows.net",
            "primary_location": "westus2",
            "primary_queue_endpoint": "https://diagfe324037838fddb7.queue.core.windows.net/",
            "primary_queue_host": "diagfe324037838fddb7.queue.core.windows.net",
            "primary_table_endpoint": "https://diagfe324037838fddb7.table.core.windows.net/",
            "primary_table_host": "diagfe324037838fddb7.table.core.windows.net",
            "primary_web_endpoint": "https://diagfe324037838fddb7.z5.web.core.windows.net/",
            "primary_web_host": "diagfe324037838fddb7.z5.web.core.windows.net",
            "queue_properties": [
              {
                "cors_rule": [],
                "hour_metrics": [
                  {
                    "enabled": true,
                    "include_apis": true,
                    "retention_policy_days": 7,
                    "version": "1.0"
                  }
                ],
                "logging": [
                  {
                    "delete": false,
                    "read": false,
                    "retention_policy_days": 0,
                    "version": "1.0",
                    "write": false
                  }
                ],
                "minute_metrics": [
                  {
                    "enabled": false,
                    "include_apis": false,
                    "retention_policy_days": 0,
                    "version": "1.0"
                  }
                ]
              }
            ],
            "resource_group_name": "RG-Olimpiadas",
            "secondary_access_key": "8Kwuuf0UaA/QOH8HmF0bJs4Jv4GG8xjgI/EbbK7rCeU4tHZ9iYmmsg/p3Uij2n5qpJ4pCboBblDd63GjzzwErw==",
            "secondary_blob_connection_string": "",
            "secondary_blob_endpoint": null,
            "secondary_blob_host": null,
            "secondary_connection_string": "DefaultEndpointsProtocol=https;AccountName=diagfe324037838fddb7;AccountKey=8Kwuuf0UaA/QOH8HmF0bJs4Jv4GG8xjgI/EbbK7rCeU4tHZ9iYmmsg/p3Uij2n5qpJ4pCboBblDd63GjzzwErw==;EndpointSuffix=core.windows.net",
            "secondary_dfs_endpoint": null,
            "secondary_dfs_host": null,
            "secondary_file_endpoint": null,
            "secondary_file_host": null,
            "secondary_location": "",
            "secondary_queue_endpoint": null,
            "secondary_queue_host": null,
            "secondary_table_endpoint": null,
            "secondary_table_host": null,
            "secondary_web_endpoint": null,
            "secondary_web_host": null,
            "static_website": [],
            "tags": {
              "environment": "production"
            },
            "timeouts": null
          },
          "sensitive_attributes": [],
          "private": "eyJlMmJmYjczMC1lY2FhLTExZTYtOGY4OC0zNDM2M2JjN2M0YzAiOnsiY3JlYXRlIjozNjAwMDAwMDAwMDAwLCJkZWxldGUiOjM2MDAwMDAwMDAwMDAsInJlYWQiOjMwMDAwMDAwMDAwMCwidXBkYXRlIjozNjAwMDAwMDAwMDAwfSwic2NoZW1hX3ZlcnNpb24iOiIyIn0=",
          "dependencies": [
            "azurerm_resource_group.rg",
            "random_id.randomId"
          ]
        }
      ]
    },
    {
      "mode": "managed",
      "type": "azurerm_subnet",
      "name": "subnet",
      "provider": "provider[\"registry.terraform.io/hashicorp/azurerm\"]",
      "instances": [
        {
          "schema_version": 0,
          "attributes": {
            "address_prefix": "172.16.1.0/24",
            "address_prefixes": [
              "172.16.1.0/24"
            ],
            "delegation": [],
            "enforce_private_link_endpoint_network_policies": false,
            "enforce_private_link_service_network_policies": false,
            "id": "/subscriptions/22bc9068-7ea1-468b-92bf-0c8dc8ac2373/resourceGroups/RG-Olimpiadas/providers/Microsoft.Network/virtualNetworks/VNET-02/subnets/SUB-LAN02",
            "name": "SUB-LAN02",
            "resource_group_name": "RG-Olimpiadas",
            "service_endpoints": null,
            "timeouts": null,
            "virtual_network_name": "VNET-02"
          },
          "sensitive_attributes": [],
          "private": "eyJlMmJmYjczMC1lY2FhLTExZTYtOGY4OC0zNDM2M2JjN2M0YzAiOnsiY3JlYXRlIjoxODAwMDAwMDAwMDAwLCJkZWxldGUiOjE4MDAwMDAwMDAwMDAsInJlYWQiOjMwMDAwMDAwMDAwMCwidXBkYXRlIjoxODAwMDAwMDAwMDAwfX0=",
          "dependencies": [
            "azurerm_resource_group.rg",
            "azurerm_virtual_network.vnet"
          ]
        }
      ]
    },
    {
      "mode": "managed",
      "type": "azurerm_virtual_network",
      "name": "vnet",
      "provider": "provider[\"registry.terraform.io/hashicorp/azurerm\"]",
      "instances": [
        {
          "schema_version": 0,
          "attributes": {
            "address_space": [
              "172.16.0.0/16"
            ],
            "bgp_community": "",
            "ddos_protection_plan": [],
            "dns_servers": null,
            "guid": "4a65453d-0b24-4d7a-bb59-744fa3a34c27",
            "id": "/subscriptions/22bc9068-7ea1-468b-92bf-0c8dc8ac2373/resourceGroups/RG-Olimpiadas/providers/Microsoft.Network/virtualNetworks/VNET-02",
            "location": "westus2",
            "name": "VNET-02",
            "resource_group_name": "RG-Olimpiadas",
            "subnet": [],
            "tags": {
              "environment": "production"
            },
            "timeouts": null,
            "vm_protection_enabled": false
          },
          "sensitive_attributes": [],
          "private": "eyJlMmJmYjczMC1lY2FhLTExZTYtOGY4OC0zNDM2M2JjN2M0YzAiOnsiY3JlYXRlIjoxODAwMDAwMDAwMDAwLCJkZWxldGUiOjE4MDAwMDAwMDAwMDAsInJlYWQiOjMwMDAwMDAwMDAwMCwidXBkYXRlIjoxODAwMDAwMDAwMDAwfX0=",
          "dependencies": [
            "azurerm_resource_group.rg"
          ]
        }
      ]
    },
    {
      "mode": "managed",
      "type": "random_id",
      "name": "randomId",
      "provider": "provider[\"registry.terraform.io/hashicorp/random\"]",
      "instances": [
        {
          "schema_version": 0,
          "attributes": {
            "b64_std": "/jJAN4OP3bc=",
            "b64_url": "_jJAN4OP3bc",
            "byte_length": 8,
            "dec": "18316773241643851191",
            "hex": "fe324037838fddb7",
            "id": "_jJAN4OP3bc",
            "keepers": {
              "resource_group": "RG-Olimpiadas"
            },
            "prefix": null
          },
          "sensitive_attributes": [],
          "private": "bnVsbA==",
          "dependencies": [
            "azurerm_resource_group.rg"
          ]
        }
      ]
    },
    {
      "mode": "managed",
      "type": "tls_private_key",
      "name": "example_ssh",
      "provider": "provider[\"registry.terraform.io/hashicorp/tls\"]",
      "instances": [
        {
          "schema_version": 0,
          "attributes": {
            "algorithm": "RSA",
            "ecdsa_curve": "P224",
            "id": "037cf505615f02ad98bda1bac81390c168eb3dd2",
            "private_key_pem": "-----BEGIN RSA PRIVATE KEY-----\nMIIJKAIBAAKCAgEAtHJhCIiBEI0XE6bfrFN6/GdaDNjjwTyBfBhLWD2aVJB//i5V\nKA2dEYJMUCl3uMvQd2ZKsVeNNRpqkKGGopjT0T4s+XPC8qmcLEqsXuUONF7deZS1\n0cU0jh2n6yDjNVFpklCQHPy+Gkpdm7HbaxcGrq5RDRApRIqxh+Gclmw5bCzsSU6n\nAou3mEs2tQET8Yh2EnULJbB551Ij3BBDw6JoPg5Lz0r+bQYNOGrOCAaV68Ojf8IK\njpRAP5c5mLazVo6q2PANVyK6czWDK/W4vIu7g3Wx9n6zLWKDXDy2L+iyOGfPDbL+\nmc948AVUdcL9zRAKnDTTLJzYcXDikc94TqbOm3ARA60rGB8KkEInJV4znbHG2CgM\n2D+UiIJzuIeptS+Mf7/obVA5hyRKGGiCPXSlh4omXH9JmFB3eHPWcIUIycr2VkyE\nkdMDR41Yb8T1QnojSe1LoJUBP1NNcmlZbHK90uQxeb2FQtyRfgmJl4lNismS747k\nekh1XbVTZz7oEhzAuE6df0Ts5d0eba1GcWjDbxs3t4efjs4ZtNqoLVmYCShihA3u\nOsNsnDfrzgWSZbGnzmoPaY+PgvY2R+H/dABSUAP7GLmdalm9vwAcMPqD8ncWS9RS\nGuuuuT0FRt7Pu75Ttfu+fXi06iCOa5HxGKGOiHbrrDn2kT2TbUzAcguIaUECAwEA\nAQKCAgBRVCQL1oplTVITV2kEoHOUA3kAxViRpZWuurxqvwkqCB7ID1XuQYSDebiv\ngKEnNyV0SzRrDczlHEzfdw3ZhwwhCOb4X4aEHJH5HIboFlD6pa8oty/jpgBz9UXT\nofUF+PWeLpVlmzyLWO0r2VPNxokKfiKlwpz2+ZPebH9JBOo0qWKt/7ciXJqZF31G\nw3+boyekVgB6MjofWlQzQVlpeW+GWKcufNyDgvC+dtT5pQ45PuoYEPr1HDiA8MXS\n4LWf05mJQVih51Mlzf6a95sVz9zp+UgGk0BqujX+gpaSrUx2Q8N8pyo9ZNdbRuu0\nT/hYTlyZ3u029FJRftF/aoUM3f3MKyV8ehh9ELp218p7WcZ+srhOH0aAJn/eZY+k\nr7fP0Vsqq4ecdnScEwj2Dw76oHeFdGlSPFn2Qbs/wK3rBjgRH4NhWHiYDoGE/RO2\n3ORCls3gdByPnx6T90nOKx/9XPfuqIeTtDK6ndDudfNip+OWPDfLRLjmLQBnihSB\nRtJd1LbFRKLjnuKt+v/lf3wN+sd3O1r2040EBRsHOWVr4XKe8geC4vibWU7zT7dy\nQ+3KUpT9JnEpmjyO43Ncn8/U6t0B2gNFtoiFtChd7a6uLN23gdjIlD8zeOobVXVh\n8Pi66DJ7OdoVAAyg3XlMl2gR7nMpb2nk6W/VlUmVL9WcM8t2AQKCAQEAzmUJbGSO\niw6q8/eXk1wsveftyF59GoXtqk++s5MV9i7Drz4rwqXff7ccC63Y2xdXnZZ4887a\nHDxAZTD8WFl1JH+VKdaePIpRPOJ0to7pFhVDRPtjq4JtYQ2YElK12YXKotbf5zol\nsq7TAiOkA1acV2JAdf7wcYQCvhLnrx5iFPQT1fMY784VCQ6gElYtD1K1Uq/euSOX\nW/0JsSDyCw8Ewbzw3kWsiUo3TAaJAqFeB7gOrqjJboazC0oT8Wr2D+GVa0vdIbef\nBAebebxSYkF6lg+98YXFaFZHHQeiiuGIexVXn+z35AINcltffN2TB2nxgpopbjTv\nWAXs89nBOJbXcQKCAQEA39DVAbmP0y+1pzMdXUb2Jp1nj4ikoWztM4FvwSffeDoC\nhSlqWxMfIGEON0+NCz7IWzr7tfHw33CKpwdkKDh/Rvf8gR0OKwIBipMIRssqehTu\nY/m+3WmB+F7Dbyc6FTrGMWM7JUL1xuWqFdI2MdM9ju3VLLmOKBOMwtWxtrACyf/3\nqRO3a8pFsb4E1eBtwIugm5mqDaqmUsxk0ZtK/HTNhGMlBuTojaCy5kpOq/YFE+/+\ncy+2Vq43jiI7KF96vmqNS3z8K99g+EzRrNmNejiwWw05V0ya6nMM/LXwH+gQsQFb\n+yeplOR/X28f+aYVT361RA8NEmbUhLeVTwOaVIPm0QKCAQEAveoakbK1tx74DyV0\nRBQ810Hiesz3MMCrwFtAjtx5CN5fEZGTkrguv8Yt+FEvieogpNEg2rcr229VkcdR\na7plIACFsMnbMLnVpsB5xMIbmEZYb9EiFV8eZn+rvrB8xHtnyg8OWCYZKiHT59QD\nx06a7Y1q4yiC9vER1PRwW6MJfV5aIjRebcqjcIIUqMrDC6Z/Umah+pnVXL+pe2Nl\nVOes6NiCiwRxjqLL3xjkWZdCfrfOSsjlEN7BQVIYp7xUTqi0ZNaZ07yyhXK6jXnM\nFL1Ln2k8zlDZJPi+1ud/mWuNujQZPP8/2n5JAUEyzCLWd6v0nshb9xyeX9CUCI4G\nTZv/AQKCAQA7+5/aonylQLgSY2SPRyFZH/5NPXXBvYukrh/hSGpfskxSm9LhLbK9\n3sUMlclbJixUJu6myHyhpWvDb/uru9iAkJ2fjMXrSNJY7SbesjxkE5AAQ0Kf3FL0\n2ZDPDVhHsETFn66OQe/UqmB3EKttlwt8bske/2vV2cdzwAmsyGc2897P9XTG8qLT\nC/YHy+oeHE2i5f/pQb7pmdW7Rz9FgZhCzr9xpY+dxV+s0GVdOMYLndo3zKW1fWNu\nOEZaf5xJxAyyGoEK0QcQBKZ9CKEeDGtXO6gOeX1bMBJe9/Ou2Wb/yTl5ihusx8BL\nN2D+a0By2aaC4vXB5MU3/GuLjY+i7ubBAoIBAD2XPjWAwlqTuMDxwDClOjXGOycB\n/fU4PIPfnc27enrAsZ1LM4WluC0EnoDKyuJDaLWQSA4nJFz8eSY4qyANvqU8pBwz\n1sEr7ykZwCQBQNkD3U3XdJkAz3QlUYO4d67qMSOdNo5Olt/2+BUqvQksUF+heLcB\n40Ry7OrcyuMa8RoqPaVR10CMlKWSRb3rEe35fjF/GjNTor+9y9T1EPswr9MK7fRR\nS2SxTEXp8eWov7DdGDrFvPOlSNyRmuUOBibS6FdIFOlNzADRGZzpdHXqnEQMtx/g\nsG3PWwaMm/Tl1uZLPj9pIsUVYWCw/xdYib/xbYtk47FE6IByfh191s+qa78=\n-----END RSA PRIVATE KEY-----\n",
            "public_key_fingerprint_md5": "6b:35:aa:6d:17:d7:83:97:cb:e2:e2:3f:85:f5:5e:24",
            "public_key_openssh": "ssh-rsa AAAAB3NzaC1yc2EAAAADAQABAAACAQC0cmEIiIEQjRcTpt+sU3r8Z1oM2OPBPIF8GEtYPZpUkH/+LlUoDZ0RgkxQKXe4y9B3ZkqxV401GmqQoYaimNPRPiz5c8LyqZwsSqxe5Q40Xt15lLXRxTSOHafrIOM1UWmSUJAc/L4aSl2bsdtrFwaurlENEClEirGH4ZyWbDlsLOxJTqcCi7eYSza1ARPxiHYSdQslsHnnUiPcEEPDomg+DkvPSv5tBg04as4IBpXrw6N/wgqOlEA/lzmYtrNWjqrY8A1XIrpzNYMr9bi8i7uDdbH2frMtYoNcPLYv6LI4Z88Nsv6Zz3jwBVR1wv3NEAqcNNMsnNhxcOKRz3hOps6bcBEDrSsYHwqQQiclXjOdscbYKAzYP5SIgnO4h6m1L4x/v+htUDmHJEoYaII9dKWHiiZcf0mYUHd4c9ZwhQjJyvZWTISR0wNHjVhvxPVCeiNJ7UuglQE/U01yaVlscr3S5DF5vYVC3JF+CYmXiU2KyZLvjuR6SHVdtVNnPugSHMC4Tp1/ROzl3R5trUZxaMNvGze3h5+Ozhm02qgtWZgJKGKEDe46w2ycN+vOBZJlsafOag9pj4+C9jZH4f90AFJQA/sYuZ1qWb2/ABww+oPydxZL1FIa6665PQVG3s+7vlO1+759eLTqII5rkfEYoY6IduusOfaRPZNtTMByC4hpQQ==\n",
            "public_key_pem": "-----BEGIN PUBLIC KEY-----\nMIICIjANBgkqhkiG9w0BAQEFAAOCAg8AMIICCgKCAgEAtHJhCIiBEI0XE6bfrFN6\n/GdaDNjjwTyBfBhLWD2aVJB//i5VKA2dEYJMUCl3uMvQd2ZKsVeNNRpqkKGGopjT\n0T4s+XPC8qmcLEqsXuUONF7deZS10cU0jh2n6yDjNVFpklCQHPy+Gkpdm7HbaxcG\nrq5RDRApRIqxh+Gclmw5bCzsSU6nAou3mEs2tQET8Yh2EnULJbB551Ij3BBDw6Jo\nPg5Lz0r+bQYNOGrOCAaV68Ojf8IKjpRAP5c5mLazVo6q2PANVyK6czWDK/W4vIu7\ng3Wx9n6zLWKDXDy2L+iyOGfPDbL+mc948AVUdcL9zRAKnDTTLJzYcXDikc94TqbO\nm3ARA60rGB8KkEInJV4znbHG2CgM2D+UiIJzuIeptS+Mf7/obVA5hyRKGGiCPXSl\nh4omXH9JmFB3eHPWcIUIycr2VkyEkdMDR41Yb8T1QnojSe1LoJUBP1NNcmlZbHK9\n0uQxeb2FQtyRfgmJl4lNismS747kekh1XbVTZz7oEhzAuE6df0Ts5d0eba1GcWjD\nbxs3t4efjs4ZtNqoLVmYCShihA3uOsNsnDfrzgWSZbGnzmoPaY+PgvY2R+H/dABS\nUAP7GLmdalm9vwAcMPqD8ncWS9RSGuuuuT0FRt7Pu75Ttfu+fXi06iCOa5HxGKGO\niHbrrDn2kT2TbUzAcguIaUECAwEAAQ==\n-----END PUBLIC KEY-----\n",
            "rsa_bits": 4096
          },
          "sensitive_attributes": [],
          "private": "bnVsbA=="
        }
      ]
    }
  ]
}
